
Microsoft Visual Studio Solution File, Format Version 12.00
# Visual Studio Version 17
VisualStudioVersion = 17.2.32630.192
MinimumVisualStudioVersion = 10.0.40219.1
Project("{8BC9CEB8-8B4A-11D0-8D11-00A0C91BC942}") = "test.5.2.2", "test.5.2.2\test.5.2.2.vcxproj", "{5D3DD626-B6E8-45EF-8008-7242F82F1802}"
EndProject
Global
	GlobalSection(SolutionConfigurationPlatforms) = preSolution
		Debug|x64 = Debug|x64
		Debug|x86 = Debug|x86
		Release|x64 = Release|x64
		Release|x86 = Release|x86
	EndGlobalSection
	GlobalSection(ProjectConfigurationPlatforms) = postSolution
		{5D3DD626-B6E8-45EF-8008-7242F82F1802}.Debug|x64.ActiveCfg = Debug|x64
		{5D3DD626-B6E8-45EF-8008-7242F82F1802}.Debug|x64.Build.0 = Debug|x64
		{5D3DD626-B6E8-45EF-8008-7242F82F1802}.Debug|x86.ActiveCfg = Debug|Win32
		{5D3DD626-B6E8-45EF-8008-7242F82F1802}.Debug|x86.Build.0 = Debug|Win32
		{5D3DD626-B6E8-45EF-8008-7242F82F1802}.Release|x64.ActiveCfg = Release|x64
		{5D3DD626-B6E8-45EF-8008-7242F82F1802}.Release|x64.Build.0 = Release|x64
		{5D3DD626-B6E8-45EF-8008-7242F82F1802}.Release|x86.ActiveCfg = Release|Win32
		{5D3DD626-B6E8-45EF-8008-7242F82F1802}.Release|x86.Build.0 = Release|Win32
	EndGlobalSection
	GlobalSection(SolutionProperties) = preSolution
		HideSolutionNode = FALSE
	EndGlobalSection
	GlobalSection(ExtensibilityGlobals) = postSolution
		SolutionGuid = {91DEF15A-B8DE-4EE7-8D8A-40A29E295BE6}
	EndGlobalSection
EndGlobal
